
Microsoft Visual Studio Solution File, Format Version 12.00
# Visual Studio Version 16
VisualStudioVersion = 16.0.810.22
MinimumVisualStudioVersion = 10.0.40219.1
Project("{FAE04EC0-301F-11D3-BF4B-00C04F79EFBC}") = "BluePrintAPI", "BluePrintAPI\BluePrintAPI.csproj", "{B6A17778-6FCB-4E39-A582-DEA5071A829F}"
EndProject
Global
	GlobalSection(SolutionConfigurationPlatforms) = preSolution
		Debug|Any CPU = Debug|Any CPU
		Release|Any CPU = Release|Any CPU
	EndGlobalSection
	GlobalSection(ProjectConfigurationPlatforms) = postSolution
		{B6A17778-6FCB-4E39-A582-DEA5071A829F}.Debug|Any CPU.ActiveCfg = Debug|Any CPU
		{B6A17778-6FCB-4E39-A582-DEA5071A829F}.Debug|Any CPU.Build.0 = Debug|Any CPU
		{B6A17778-6FCB-4E39-A582-DEA5071A829F}.Release|Any CPU.ActiveCfg = Release|Any CPU
		{B6A17778-6FCB-4E39-A582-DEA5071A829F}.Release|Any CPU.Build.0 = Release|Any CPU
	EndGlobalSection
	GlobalSection(SolutionProperties) = preSolution
		HideSolutionNode = FALSE
	EndGlobalSection
	GlobalSection(ExtensibilityGlobals) = postSolution
		SolutionGuid = {919FC389-0416-49A6-AC02-A0B53710E7C6}
	EndGlobalSection
EndGlobal
