
Microsoft Visual Studio Solution File, Format Version 12.00
# Visual Studio Version 17
VisualStudioVersion = 17.2.32516.85
MinimumVisualStudioVersion = 10.0.40219.1
Project("{FAE04EC0-301F-11D3-BF4B-00C04F79EFBC}") = "BluePrintApi", "BluePrintApi\BluePrintApi.csproj", "{ED5131E1-A1DC-4328-9144-91310F9B54A3}"
EndProject
Project("{FAE04EC0-301F-11D3-BF4B-00C04F79EFBC}") = "BluePrintBL", "BluePrintBL\BluePrintBL.csproj", "{2ED0A1F6-91D9-4003-8964-D67C47DE6CE9}"
EndProject
Project("{FAE04EC0-301F-11D3-BF4B-00C04F79EFBC}") = "BluePrintCore", "BluePrintCore\BluePrintCore.csproj", "{C4884B1F-E97A-48CA-BE3A-ED8F1396C4A4}"
EndProject
Project("{FAE04EC0-301F-11D3-BF4B-00C04F79EFBC}") = "BluePrintDAL", "BluePrintDAL\BluePrintDAL.csproj", "{2D0FECFF-84A6-41EF-A413-4735ED2897A3}"
EndProject
Global
	GlobalSection(SolutionConfigurationPlatforms) = preSolution
		Debug|Any CPU = Debug|Any CPU
		Release|Any CPU = Release|Any CPU
	EndGlobalSection
	GlobalSection(ProjectConfigurationPlatforms) = postSolution
		{ED5131E1-A1DC-4328-9144-91310F9B54A3}.Debug|Any CPU.ActiveCfg = Debug|Any CPU
		{ED5131E1-A1DC-4328-9144-91310F9B54A3}.Debug|Any CPU.Build.0 = Debug|Any CPU
		{ED5131E1-A1DC-4328-9144-91310F9B54A3}.Release|Any CPU.ActiveCfg = Release|Any CPU
		{ED5131E1-A1DC-4328-9144-91310F9B54A3}.Release|Any CPU.Build.0 = Release|Any CPU
		{2ED0A1F6-91D9-4003-8964-D67C47DE6CE9}.Debug|Any CPU.ActiveCfg = Debug|Any CPU
		{2ED0A1F6-91D9-4003-8964-D67C47DE6CE9}.Debug|Any CPU.Build.0 = Debug|Any CPU
		{2ED0A1F6-91D9-4003-8964-D67C47DE6CE9}.Release|Any CPU.ActiveCfg = Release|Any CPU
		{2ED0A1F6-91D9-4003-8964-D67C47DE6CE9}.Release|Any CPU.Build.0 = Release|Any CPU
		{C4884B1F-E97A-48CA-BE3A-ED8F1396C4A4}.Debug|Any CPU.ActiveCfg = Debug|Any CPU
		{C4884B1F-E97A-48CA-BE3A-ED8F1396C4A4}.Debug|Any CPU.Build.0 = Debug|Any CPU
		{C4884B1F-E97A-48CA-BE3A-ED8F1396C4A4}.Release|Any CPU.ActiveCfg = Release|Any CPU
		{C4884B1F-E97A-48CA-BE3A-ED8F1396C4A4}.Release|Any CPU.Build.0 = Release|Any CPU
		{2D0FECFF-84A6-41EF-A413-4735ED2897A3}.Debug|Any CPU.ActiveCfg = Debug|Any CPU
		{2D0FECFF-84A6-41EF-A413-4735ED2897A3}.Debug|Any CPU.Build.0 = Debug|Any CPU
		{2D0FECFF-84A6-41EF-A413-4735ED2897A3}.Release|Any CPU.ActiveCfg = Release|Any CPU
		{2D0FECFF-84A6-41EF-A413-4735ED2897A3}.Release|Any CPU.Build.0 = Release|Any CPU
	EndGlobalSection
	GlobalSection(SolutionProperties) = preSolution
		HideSolutionNode = FALSE
	EndGlobalSection
	GlobalSection(ExtensibilityGlobals) = postSolution
		SolutionGuid = {D8E07AE5-7D65-42D7-BA24-6ACF5082B3EE}
	EndGlobalSection
EndGlobal
